
Microsoft Visual Studio Solution File, Format Version 12.00
# Visual Studio Version 16
VisualStudioVersion = 16.0.29911.84
MinimumVisualStudioVersion = 10.0.40219.1
Project("{9A19103F-16F7-4668-BE54-9A1E7A4F7556}") = "NIT.HopZone.Web", "NIT.HopZone.Web.csproj", "{265D5E76-BB0A-4C2A-9424-10C5EC23022B}"
EndProject
Project("{FAE04EC0-301F-11D3-BF4B-00C04F79EFBC}") = "NIT.Projects", "NIT.Projects\NIT.Projects.csproj", "{192BCD63-2EA0-4D4E-89C9-1980B77DDE22}"
EndProject
Global
	GlobalSection(SolutionConfigurationPlatforms) = preSolution
		Debug|Any CPU = Debug|Any CPU
		Release|Any CPU = Release|Any CPU
	EndGlobalSection
	GlobalSection(ProjectConfigurationPlatforms) = postSolution
		{265D5E76-BB0A-4C2A-9424-10C5EC23022B}.Debug|Any CPU.ActiveCfg = Debug|Any CPU
		{265D5E76-BB0A-4C2A-9424-10C5EC23022B}.Debug|Any CPU.Build.0 = Debug|Any CPU
		{265D5E76-BB0A-4C2A-9424-10C5EC23022B}.Release|Any CPU.ActiveCfg = Release|Any CPU
		{265D5E76-BB0A-4C2A-9424-10C5EC23022B}.Release|Any CPU.Build.0 = Release|Any CPU
		{192BCD63-2EA0-4D4E-89C9-1980B77DDE22}.Debug|Any CPU.ActiveCfg = Debug|Any CPU
		{192BCD63-2EA0-4D4E-89C9-1980B77DDE22}.Debug|Any CPU.Build.0 = Debug|Any CPU
		{192BCD63-2EA0-4D4E-89C9-1980B77DDE22}.Release|Any CPU.ActiveCfg = Release|Any CPU
		{192BCD63-2EA0-4D4E-89C9-1980B77DDE22}.Release|Any CPU.Build.0 = Release|Any CPU
	EndGlobalSection
	GlobalSection(SolutionProperties) = preSolution
		HideSolutionNode = FALSE
	EndGlobalSection
	GlobalSection(ExtensibilityGlobals) = postSolution
		SolutionGuid = {69D77530-FDA5-4648-9469-451B47E7CD6F}
	EndGlobalSection
EndGlobal
